
Microsoft Visual Studio Solution File, Format Version 12.00
# Visual Studio Version 16
VisualStudioVersion = 16.0.30621.155
MinimumVisualStudioVersion = 10.0.40219.1
Project("{FAE04EC0-301F-11D3-BF4B-00C04F79EFBC}") = "WebApplication2", "WebApplication2\WebApplication2.csproj", "{6324DDD6-B7F4-4679-9771-20CEB1DD8991}"
EndProject
Global
	GlobalSection(SolutionConfigurationPlatforms) = preSolution
		Debug|Any CPU = Debug|Any CPU
		Release|Any CPU = Release|Any CPU
	EndGlobalSection
	GlobalSection(ProjectConfigurationPlatforms) = postSolution
		{6324DDD6-B7F4-4679-9771-20CEB1DD8991}.Debug|Any CPU.ActiveCfg = Debug|Any CPU
		{6324DDD6-B7F4-4679-9771-20CEB1DD8991}.Debug|Any CPU.Build.0 = Debug|Any CPU
		{6324DDD6-B7F4-4679-9771-20CEB1DD8991}.Release|Any CPU.ActiveCfg = Release|Any CPU
		{6324DDD6-B7F4-4679-9771-20CEB1DD8991}.Release|Any CPU.Build.0 = Release|Any CPU
	EndGlobalSection
	GlobalSection(SolutionProperties) = preSolution
		HideSolutionNode = FALSE
	EndGlobalSection
	GlobalSection(ExtensibilityGlobals) = postSolution
		SolutionGuid = {4DDE344B-2DBE-4A5F-AE51-8134A47FD92A}
	EndGlobalSection
EndGlobal
